
Microsoft Visual Studio Solution File, Format Version 12.00
# Visual Studio Version 17
VisualStudioVersion = 17.3.32804.467
MinimumVisualStudioVersion = 10.0.40219.1
Project("{FAE04EC0-301F-11D3-BF4B-00C04F79EFBC}") = "ConsoleApp1", "ConsoleApp1\ConsoleApp1.csproj", "{E2B0E5E7-0B89-4230-9B21-9239A00F8A4E}"
EndProject
Global
	GlobalSection(SolutionConfigurationPlatforms) = preSolution
		Debug|Any CPU = Debug|Any CPU
		Release|Any CPU = Release|Any CPU
	EndGlobalSection
	GlobalSection(ProjectConfigurationPlatforms) = postSolution
		{E2B0E5E7-0B89-4230-9B21-9239A00F8A4E}.Debug|Any CPU.ActiveCfg = Debug|Any CPU
		{E2B0E5E7-0B89-4230-9B21-9239A00F8A4E}.Debug|Any CPU.Build.0 = Debug|Any CPU
		{E2B0E5E7-0B89-4230-9B21-9239A00F8A4E}.Release|Any CPU.ActiveCfg = Release|Any CPU
		{E2B0E5E7-0B89-4230-9B21-9239A00F8A4E}.Release|Any CPU.Build.0 = Release|Any CPU
	EndGlobalSection
	GlobalSection(SolutionProperties) = preSolution
		HideSolutionNode = FALSE
	EndGlobalSection
	GlobalSection(ExtensibilityGlobals) = postSolution
		SolutionGuid = {D2D00096-42EB-4263-A62E-BC623AA4A0BF}
	EndGlobalSection
EndGlobal
